
Microsoft Visual Studio Solution File, Format Version 12.00
# Visual Studio Version 17
VisualStudioVersion = 17.1.32319.34
MinimumVisualStudioVersion = 10.0.40219.1
Project("{9A19103F-16F7-4668-BE54-9A1E7A4F7556}") = "Test_MVC", "Test_MVC\Test_MVC.csproj", "{12A3D007-ED0F-4E99-B1CF-863501DA1418}"
EndProject
Project("{2150E333-8FDC-42A3-9474-1A3956D46DE8}") = "Solution Items", "Solution Items", "{533C21FB-E5B9-433E-874F-C874496B0003}"
	ProjectSection(SolutionItems) = preProject
		.editorconfig = .editorconfig
	EndProjectSection
EndProject
Global
	GlobalSection(SolutionConfigurationPlatforms) = preSolution
		Debug|Any CPU = Debug|Any CPU
		Release|Any CPU = Release|Any CPU
	EndGlobalSection
	GlobalSection(ProjectConfigurationPlatforms) = postSolution
		{12A3D007-ED0F-4E99-B1CF-863501DA1418}.Debug|Any CPU.ActiveCfg = Debug|Any CPU
		{12A3D007-ED0F-4E99-B1CF-863501DA1418}.Debug|Any CPU.Build.0 = Debug|Any CPU
		{12A3D007-ED0F-4E99-B1CF-863501DA1418}.Release|Any CPU.ActiveCfg = Release|Any CPU
		{12A3D007-ED0F-4E99-B1CF-863501DA1418}.Release|Any CPU.Build.0 = Release|Any CPU
	EndGlobalSection
	GlobalSection(SolutionProperties) = preSolution
		HideSolutionNode = FALSE
	EndGlobalSection
	GlobalSection(ExtensibilityGlobals) = postSolution
		SolutionGuid = {4090FCD3-173D-4128-8BEA-6760C1490E25}
	EndGlobalSection
EndGlobal
